
Microsoft Visual Studio Solution File, Format Version 11.00
# Visual Studio 2010
Project("{FAE04EC0-301F-11D3-BF4B-00C04F79EFBC}") = "InAppTest", "InAppTest\InAppTest.csproj", "{126C85B6-FA52-4A3F-9C73-CCAE23B4C90A}"
EndProject
Global
	GlobalSection(SolutionConfigurationPlatforms) = preSolution
		Debug|Any CPU = Debug|Any CPU
		Release|Any CPU = Release|Any CPU
	EndGlobalSection
	GlobalSection(ProjectConfigurationPlatforms) = postSolution
		{126C85B6-FA52-4A3F-9C73-CCAE23B4C90A}.Debug|Any CPU.ActiveCfg = Debug|Any CPU
		{126C85B6-FA52-4A3F-9C73-CCAE23B4C90A}.Debug|Any CPU.Build.0 = Debug|Any CPU
		{126C85B6-FA52-4A3F-9C73-CCAE23B4C90A}.Release|Any CPU.ActiveCfg = Release|Any CPU
		{126C85B6-FA52-4A3F-9C73-CCAE23B4C90A}.Release|Any CPU.Build.0 = Release|Any CPU
	EndGlobalSection
	GlobalSection(MonoDevelopProperties) = preSolution
		StartupItem = InAppTest\InAppTest.csproj
	EndGlobalSection
EndGlobal
